
Microsoft Visual Studio Solution File, Format Version 12.00
# Visual Studio 15
VisualStudioVersion = 15.0.27004.2006
MinimumVisualStudioVersion = 10.0.40219.1
Project("{FAE04EC0-301F-11D3-BF4B-00C04F79EFBC}") = "Doar.Ui.Mvc", "Doar.Ui.Mvc\Doar.Ui.Mvc.csproj", "{C666D427-EE72-40A6-BAD0-27AFCE75004D}"
EndProject
Project("{2150E333-8FDC-42A3-9474-1A3956D46DE8}") = "1 - UI", "1 - UI", "{80B5DBA2-E458-4563-98F8-70C26A17F517}"
EndProject
Project("{2150E333-8FDC-42A3-9474-1A3956D46DE8}") = "3 - Domain", "3 - Domain", "{CE789965-0884-411A-A74D-F00141B9CD2D}"
EndProject
Project("{2150E333-8FDC-42A3-9474-1A3956D46DE8}") = "4 - Solucoes", "4 - Solucoes", "{5D51DC16-6625-467B-B8FF-82F2A0B18605}"
EndProject
Project("{FAE04EC0-301F-11D3-BF4B-00C04F79EFBC}") = "Doar.Domain", "Doar.Domain\Doar.Domain.csproj", "{C9D6C50F-4FAE-4660-922F-08F2C79316A4}"
EndProject
Project("{2150E333-8FDC-42A3-9474-1A3956D46DE8}") = "4.2 - CrossCutting", "4.2 - CrossCutting", "{B8D30718-6A72-48E9-B901-A20AC91BF533}"
EndProject
Project("{FAE04EC0-301F-11D3-BF4B-00C04F79EFBC}") = "Doar.CrossCutting.Ioc", "Doar.CrossCutting.Ioc\Doar.CrossCutting.Ioc.csproj", "{549C0EA0-3D2B-47E6-8490-AD2F6FE993A4}"
EndProject
Project("{2150E333-8FDC-42A3-9474-1A3956D46DE8}") = "2 - Entity", "2 - Entity", "{D7CCBF3B-76AC-40A6-96F4-AC35C45DDDB3}"
EndProject
Project("{FAE04EC0-301F-11D3-BF4B-00C04F79EFBC}") = "Doar.Entity", "Doar.Entities\Doar.Entity.csproj", "{484B7D04-1A43-4747-B32F-9C034E36FE41}"
EndProject
Project("{2150E333-8FDC-42A3-9474-1A3956D46DE8}") = "4.3 - Session", "4.3 - Session", "{A3073973-E6F4-4AFD-9EC8-A5AC1B6E5105}"
EndProject
Project("{FAE04EC0-301F-11D3-BF4B-00C04F79EFBC}") = "Doar.Session", "Doar.Session\Doar.Session.csproj", "{79CD4F32-A9BC-453C-826A-35AC96820C7C}"
EndProject
Global
	GlobalSection(SolutionConfigurationPlatforms) = preSolution
		Debug|Any CPU = Debug|Any CPU
		Release|Any CPU = Release|Any CPU
	EndGlobalSection
	GlobalSection(ProjectConfigurationPlatforms) = postSolution
		{C666D427-EE72-40A6-BAD0-27AFCE75004D}.Debug|Any CPU.ActiveCfg = Debug|Any CPU
		{C666D427-EE72-40A6-BAD0-27AFCE75004D}.Debug|Any CPU.Build.0 = Debug|Any CPU
		{C666D427-EE72-40A6-BAD0-27AFCE75004D}.Release|Any CPU.ActiveCfg = Release|Any CPU
		{C666D427-EE72-40A6-BAD0-27AFCE75004D}.Release|Any CPU.Build.0 = Release|Any CPU
		{C9D6C50F-4FAE-4660-922F-08F2C79316A4}.Debug|Any CPU.ActiveCfg = Debug|Any CPU
		{C9D6C50F-4FAE-4660-922F-08F2C79316A4}.Debug|Any CPU.Build.0 = Debug|Any CPU
		{C9D6C50F-4FAE-4660-922F-08F2C79316A4}.Release|Any CPU.ActiveCfg = Release|Any CPU
		{C9D6C50F-4FAE-4660-922F-08F2C79316A4}.Release|Any CPU.Build.0 = Release|Any CPU
		{549C0EA0-3D2B-47E6-8490-AD2F6FE993A4}.Debug|Any CPU.ActiveCfg = Debug|Any CPU
		{549C0EA0-3D2B-47E6-8490-AD2F6FE993A4}.Debug|Any CPU.Build.0 = Debug|Any CPU
		{549C0EA0-3D2B-47E6-8490-AD2F6FE993A4}.Release|Any CPU.ActiveCfg = Release|Any CPU
		{549C0EA0-3D2B-47E6-8490-AD2F6FE993A4}.Release|Any CPU.Build.0 = Release|Any CPU
		{484B7D04-1A43-4747-B32F-9C034E36FE41}.Debug|Any CPU.ActiveCfg = Debug|Any CPU
		{484B7D04-1A43-4747-B32F-9C034E36FE41}.Debug|Any CPU.Build.0 = Debug|Any CPU
		{484B7D04-1A43-4747-B32F-9C034E36FE41}.Release|Any CPU.ActiveCfg = Release|Any CPU
		{484B7D04-1A43-4747-B32F-9C034E36FE41}.Release|Any CPU.Build.0 = Release|Any CPU
		{79CD4F32-A9BC-453C-826A-35AC96820C7C}.Debug|Any CPU.ActiveCfg = Debug|Any CPU
		{79CD4F32-A9BC-453C-826A-35AC96820C7C}.Debug|Any CPU.Build.0 = Debug|Any CPU
		{79CD4F32-A9BC-453C-826A-35AC96820C7C}.Release|Any CPU.ActiveCfg = Release|Any CPU
		{79CD4F32-A9BC-453C-826A-35AC96820C7C}.Release|Any CPU.Build.0 = Release|Any CPU
	EndGlobalSection
	GlobalSection(SolutionProperties) = preSolution
		HideSolutionNode = FALSE
	EndGlobalSection
	GlobalSection(NestedProjects) = preSolution
		{C666D427-EE72-40A6-BAD0-27AFCE75004D} = {80B5DBA2-E458-4563-98F8-70C26A17F517}
		{C9D6C50F-4FAE-4660-922F-08F2C79316A4} = {CE789965-0884-411A-A74D-F00141B9CD2D}
		{B8D30718-6A72-48E9-B901-A20AC91BF533} = {5D51DC16-6625-467B-B8FF-82F2A0B18605}
		{549C0EA0-3D2B-47E6-8490-AD2F6FE993A4} = {B8D30718-6A72-48E9-B901-A20AC91BF533}
		{484B7D04-1A43-4747-B32F-9C034E36FE41} = {D7CCBF3B-76AC-40A6-96F4-AC35C45DDDB3}
		{A3073973-E6F4-4AFD-9EC8-A5AC1B6E5105} = {5D51DC16-6625-467B-B8FF-82F2A0B18605}
		{79CD4F32-A9BC-453C-826A-35AC96820C7C} = {A3073973-E6F4-4AFD-9EC8-A5AC1B6E5105}
	EndGlobalSection
	GlobalSection(ExtensibilityGlobals) = postSolution
		SolutionGuid = {94F87664-E78D-44AA-9557-CA140B994EF2}
	EndGlobalSection
	GlobalSection(TeamFoundationVersionControl) = preSolution
		SccNumberOfProjects = 1
		SccEnterpriseProvider = {4CA58AB2-18FA-4F8D-95D4-32DDF27D184C}
		SccTeamFoundationServer = https://tidoar.visualstudio.com/
		SccProjectUniqueName0 = Doar.CrossCutting.Ioc\\Doar.CrossCutting.Ioc.csproj
		SccProjectTopLevelParentUniqueName0 = DOAR.sln
		SccProjectName0 = Doar.CrossCutting.Ioc
		SccAuxPath0 = https://tidoar.visualstudio.com
		SccLocalPath0 = Doar.CrossCutting.Ioc
		SccProvider0 = {4CA58AB2-18FA-4F8D-95D4-32DDF27D184C}
	EndGlobalSection
EndGlobal
